
Microsoft Visual Studio Solution File, Format Version 12.00
# Visual Studio Version 17
VisualStudioVersion = 17.0.31919.166
MinimumVisualStudioVersion = 10.0.40219.1
Project("{FAE04EC0-301F-11D3-BF4B-00C04F79EFBC}") = "WebMVC", "WebMVC\WebMVC.csproj", "{9B40A455-A255-475E-B205-B9A6264DF99E}"
EndProject
Project("{2150E333-8FDC-42A3-9474-1A3956D46DE8}") = "API", "API", "{4CE1ED35-6E37-4730-A942-E6A195713EE3}"
EndProject
Project("{FAE04EC0-301F-11D3-BF4B-00C04F79EFBC}") = "ApiPromerica", "ApiPromerica\ApiPromerica.csproj", "{76D580E7-4139-4A0A-80F1-910EC361166B}"
EndProject
Project("{2150E333-8FDC-42A3-9474-1A3956D46DE8}") = "Entities", "Entities", "{F528ACFA-A84B-4585-AAAF-E4CC4A9448E8}"
EndProject
Project("{2150E333-8FDC-42A3-9474-1A3956D46DE8}") = "BLL", "BLL", "{FFB62115-1FD5-43F5-B76B-1B9480CCF5B6}"
EndProject
Project("{9A19103F-16F7-4668-BE54-9A1E7A4F7556}") = "ApiUsuarios.BLL", "ApiUsuarios.BLL\ApiUsuarios.BLL.csproj", "{A6F78E87-FF8A-41B2-894C-4DB853687A07}"
EndProject
Project("{9A19103F-16F7-4668-BE54-9A1E7A4F7556}") = "Productos.BLL", "Productos.BLL\Productos.BLL.csproj", "{42B82A76-9FBB-40EF-B1EA-A5799FE66C1A}"
EndProject
Project("{9A19103F-16F7-4668-BE54-9A1E7A4F7556}") = "ApiUsuarios.Entities", "ApiUsuarios.Entities\ApiUsuarios.Entities.csproj", "{EC13C024-2C1B-49E6-8CE3-740DD48AF1C8}"
EndProject
Project("{9A19103F-16F7-4668-BE54-9A1E7A4F7556}") = "Productos.Entities", "Productos.Entities\Productos.Entities.csproj", "{D50B4495-192D-4FDB-9B03-6FDC9BCE1010}"
EndProject
Global
	GlobalSection(SolutionConfigurationPlatforms) = preSolution
		Debug|Any CPU = Debug|Any CPU
		Release|Any CPU = Release|Any CPU
	EndGlobalSection
	GlobalSection(ProjectConfigurationPlatforms) = postSolution
		{9B40A455-A255-475E-B205-B9A6264DF99E}.Debug|Any CPU.ActiveCfg = Debug|Any CPU
		{9B40A455-A255-475E-B205-B9A6264DF99E}.Debug|Any CPU.Build.0 = Debug|Any CPU
		{9B40A455-A255-475E-B205-B9A6264DF99E}.Release|Any CPU.ActiveCfg = Release|Any CPU
		{9B40A455-A255-475E-B205-B9A6264DF99E}.Release|Any CPU.Build.0 = Release|Any CPU
		{76D580E7-4139-4A0A-80F1-910EC361166B}.Debug|Any CPU.ActiveCfg = Debug|Any CPU
		{76D580E7-4139-4A0A-80F1-910EC361166B}.Debug|Any CPU.Build.0 = Debug|Any CPU
		{76D580E7-4139-4A0A-80F1-910EC361166B}.Release|Any CPU.ActiveCfg = Release|Any CPU
		{76D580E7-4139-4A0A-80F1-910EC361166B}.Release|Any CPU.Build.0 = Release|Any CPU
		{A6F78E87-FF8A-41B2-894C-4DB853687A07}.Debug|Any CPU.ActiveCfg = Debug|Any CPU
		{A6F78E87-FF8A-41B2-894C-4DB853687A07}.Debug|Any CPU.Build.0 = Debug|Any CPU
		{A6F78E87-FF8A-41B2-894C-4DB853687A07}.Release|Any CPU.ActiveCfg = Release|Any CPU
		{A6F78E87-FF8A-41B2-894C-4DB853687A07}.Release|Any CPU.Build.0 = Release|Any CPU
		{42B82A76-9FBB-40EF-B1EA-A5799FE66C1A}.Debug|Any CPU.ActiveCfg = Debug|Any CPU
		{42B82A76-9FBB-40EF-B1EA-A5799FE66C1A}.Debug|Any CPU.Build.0 = Debug|Any CPU
		{42B82A76-9FBB-40EF-B1EA-A5799FE66C1A}.Release|Any CPU.ActiveCfg = Release|Any CPU
		{42B82A76-9FBB-40EF-B1EA-A5799FE66C1A}.Release|Any CPU.Build.0 = Release|Any CPU
		{EC13C024-2C1B-49E6-8CE3-740DD48AF1C8}.Debug|Any CPU.ActiveCfg = Debug|Any CPU
		{EC13C024-2C1B-49E6-8CE3-740DD48AF1C8}.Debug|Any CPU.Build.0 = Debug|Any CPU
		{EC13C024-2C1B-49E6-8CE3-740DD48AF1C8}.Release|Any CPU.ActiveCfg = Release|Any CPU
		{EC13C024-2C1B-49E6-8CE3-740DD48AF1C8}.Release|Any CPU.Build.0 = Release|Any CPU
		{D50B4495-192D-4FDB-9B03-6FDC9BCE1010}.Debug|Any CPU.ActiveCfg = Debug|Any CPU
		{D50B4495-192D-4FDB-9B03-6FDC9BCE1010}.Debug|Any CPU.Build.0 = Debug|Any CPU
		{D50B4495-192D-4FDB-9B03-6FDC9BCE1010}.Release|Any CPU.ActiveCfg = Release|Any CPU
		{D50B4495-192D-4FDB-9B03-6FDC9BCE1010}.Release|Any CPU.Build.0 = Release|Any CPU
	EndGlobalSection
	GlobalSection(SolutionProperties) = preSolution
		HideSolutionNode = FALSE
	EndGlobalSection
	GlobalSection(NestedProjects) = preSolution
		{76D580E7-4139-4A0A-80F1-910EC361166B} = {4CE1ED35-6E37-4730-A942-E6A195713EE3}
		{F528ACFA-A84B-4585-AAAF-E4CC4A9448E8} = {4CE1ED35-6E37-4730-A942-E6A195713EE3}
		{FFB62115-1FD5-43F5-B76B-1B9480CCF5B6} = {4CE1ED35-6E37-4730-A942-E6A195713EE3}
		{A6F78E87-FF8A-41B2-894C-4DB853687A07} = {FFB62115-1FD5-43F5-B76B-1B9480CCF5B6}
		{42B82A76-9FBB-40EF-B1EA-A5799FE66C1A} = {FFB62115-1FD5-43F5-B76B-1B9480CCF5B6}
		{EC13C024-2C1B-49E6-8CE3-740DD48AF1C8} = {F528ACFA-A84B-4585-AAAF-E4CC4A9448E8}
		{D50B4495-192D-4FDB-9B03-6FDC9BCE1010} = {F528ACFA-A84B-4585-AAAF-E4CC4A9448E8}
	EndGlobalSection
	GlobalSection(ExtensibilityGlobals) = postSolution
		SolutionGuid = {2774C7A2-2326-4224-8EDF-2E7B3FD4FA7C}
	EndGlobalSection
EndGlobal
